
Microsoft Visual Studio Solution File, Format Version 12.00
# Visual Studio Version 17
VisualStudioVersion = 17.12.35728.132 d17.12
MinimumVisualStudioVersion = 10.0.40219.1
Project("{FAE04EC0-301F-11D3-BF4B-00C04F79EFBC}") = "WarehouseAppBackend", "WarehouseAppBackend\WarehouseAppBackend.csproj", "{362A7EB3-4D81-4881-B943-728D9116FF9B}"
EndProject
Global
	GlobalSection(SolutionConfigurationPlatforms) = preSolution
		Debug|Any CPU = Debug|Any CPU
		Release|Any CPU = Release|Any CPU
	EndGlobalSection
	GlobalSection(ProjectConfigurationPlatforms) = postSolution
		{362A7EB3-4D81-4881-B943-728D9116FF9B}.Debug|Any CPU.ActiveCfg = Debug|Any CPU
		{362A7EB3-4D81-4881-B943-728D9116FF9B}.Debug|Any CPU.Build.0 = Debug|Any CPU
		{362A7EB3-4D81-4881-B943-728D9116FF9B}.Release|Any CPU.ActiveCfg = Release|Any CPU
		{362A7EB3-4D81-4881-B943-728D9116FF9B}.Release|Any CPU.Build.0 = Release|Any CPU
	EndGlobalSection
	GlobalSection(SolutionProperties) = preSolution
		HideSolutionNode = FALSE
	EndGlobalSection
EndGlobal
